
Microsoft Visual Studio Solution File, Format Version 12.00
# Visual Studio Version 17
VisualStudioVersion = 17.8.34330.188
MinimumVisualStudioVersion = 10.0.40219.1
Project("{2150E333-8FDC-42A3-9474-1A3956D46DE8}") = "1. Application Services", "1. Application Services", "{AA14B78C-0CB1-49DC-9302-F867A1647CBD}"
EndProject
Project("{2150E333-8FDC-42A3-9474-1A3956D46DE8}") = "2. DomainServices", "2. DomainServices", "{2E7D42E3-BBF7-4A7B-8D46-7E2D1DD73688}"
EndProject
Project("{2150E333-8FDC-42A3-9474-1A3956D46DE8}") = "3. Infraestructure", "3. Infraestructure", "{F478D653-4896-4920-9AC8-E240C9607E6A}"
EndProject
Project("{2150E333-8FDC-42A3-9474-1A3956D46DE8}") = "4. Cross Cutting", "4. Cross Cutting", "{692EB069-EB9B-4AE0-93D3-7EA3291DA373}"
EndProject
Project("{2150E333-8FDC-42A3-9474-1A3956D46DE8}") = "5. Test", "5. Test", "{B1012021-542F-41FE-932B-7EB95876F853}"
EndProject
Project("{9A19103F-16F7-4668-BE54-9A1E7A4F7556}") = "ApplicationServices.Models", "ApplicationServices.Models\ApplicationServices.Models.csproj", "{30FE10E8-2130-4801-9965-F336B77FC631}"
EndProject
Project("{9A19103F-16F7-4668-BE54-9A1E7A4F7556}") = "ApplicationServices.Service", "ApplicationServices.Service\ApplicationServices.Service.csproj", "{D5429D4E-DFF2-4657-88E3-DC2D7AE71FFA}"
EndProject
Project("{9A19103F-16F7-4668-BE54-9A1E7A4F7556}") = "DomainServices.Models", "DomainServices.Models\DomainServices.Models.csproj", "{FAFA2C63-08E7-4A0D-BCCE-091BC4F78412}"
EndProject
Project("{9A19103F-16F7-4668-BE54-9A1E7A4F7556}") = "DomainServices.ProductDomain", "DomainServices.ProductDomain\DomainServices.ProductDomain.csproj", "{6255DA06-2653-44CE-BA71-01E0A850199B}"
EndProject
Project("{9A19103F-16F7-4668-BE54-9A1E7A4F7556}") = "InfrastructureServices.Models", "Infrastructure.Models\InfrastructureServices.Models.csproj", "{5B4F0EC3-44F4-4629-A0CD-0C25255FB5C3}"
EndProject
Project("{9A19103F-16F7-4668-BE54-9A1E7A4F7556}") = "InfrastructureServices.Repository", "InfrastructureServices.Repository\InfrastructureServices.Repository.csproj", "{A8214E24-C24E-43E7-9B98-A55A872A030F}"
EndProject
Project("{9A19103F-16F7-4668-BE54-9A1E7A4F7556}") = "CrossCutting.Utils", "CrossCutting.Utils\CrossCutting.Utils.csproj", "{95C7032C-1485-4383-B7E1-406CC49E7D61}"
EndProject
Project("{9A19103F-16F7-4668-BE54-9A1E7A4F7556}") = "UnitTest", "UnitTest\UnitTest.csproj", "{1F55405F-2DED-4967-B3D4-244858A9B3AA}"
EndProject
Global
	GlobalSection(SolutionConfigurationPlatforms) = preSolution
		Debug|Any CPU = Debug|Any CPU
		Release|Any CPU = Release|Any CPU
	EndGlobalSection
	GlobalSection(ProjectConfigurationPlatforms) = postSolution
		{30FE10E8-2130-4801-9965-F336B77FC631}.Debug|Any CPU.ActiveCfg = Debug|Any CPU
		{30FE10E8-2130-4801-9965-F336B77FC631}.Debug|Any CPU.Build.0 = Debug|Any CPU
		{30FE10E8-2130-4801-9965-F336B77FC631}.Release|Any CPU.ActiveCfg = Release|Any CPU
		{30FE10E8-2130-4801-9965-F336B77FC631}.Release|Any CPU.Build.0 = Release|Any CPU
		{D5429D4E-DFF2-4657-88E3-DC2D7AE71FFA}.Debug|Any CPU.ActiveCfg = Debug|Any CPU
		{D5429D4E-DFF2-4657-88E3-DC2D7AE71FFA}.Debug|Any CPU.Build.0 = Debug|Any CPU
		{D5429D4E-DFF2-4657-88E3-DC2D7AE71FFA}.Release|Any CPU.ActiveCfg = Release|Any CPU
		{D5429D4E-DFF2-4657-88E3-DC2D7AE71FFA}.Release|Any CPU.Build.0 = Release|Any CPU
		{FAFA2C63-08E7-4A0D-BCCE-091BC4F78412}.Debug|Any CPU.ActiveCfg = Debug|Any CPU
		{FAFA2C63-08E7-4A0D-BCCE-091BC4F78412}.Debug|Any CPU.Build.0 = Debug|Any CPU
		{FAFA2C63-08E7-4A0D-BCCE-091BC4F78412}.Release|Any CPU.ActiveCfg = Release|Any CPU
		{FAFA2C63-08E7-4A0D-BCCE-091BC4F78412}.Release|Any CPU.Build.0 = Release|Any CPU
		{6255DA06-2653-44CE-BA71-01E0A850199B}.Debug|Any CPU.ActiveCfg = Debug|Any CPU
		{6255DA06-2653-44CE-BA71-01E0A850199B}.Debug|Any CPU.Build.0 = Debug|Any CPU
		{6255DA06-2653-44CE-BA71-01E0A850199B}.Release|Any CPU.ActiveCfg = Release|Any CPU
		{6255DA06-2653-44CE-BA71-01E0A850199B}.Release|Any CPU.Build.0 = Release|Any CPU
		{5B4F0EC3-44F4-4629-A0CD-0C25255FB5C3}.Debug|Any CPU.ActiveCfg = Debug|Any CPU
		{5B4F0EC3-44F4-4629-A0CD-0C25255FB5C3}.Debug|Any CPU.Build.0 = Debug|Any CPU
		{5B4F0EC3-44F4-4629-A0CD-0C25255FB5C3}.Release|Any CPU.ActiveCfg = Release|Any CPU
		{5B4F0EC3-44F4-4629-A0CD-0C25255FB5C3}.Release|Any CPU.Build.0 = Release|Any CPU
		{A8214E24-C24E-43E7-9B98-A55A872A030F}.Debug|Any CPU.ActiveCfg = Debug|Any CPU
		{A8214E24-C24E-43E7-9B98-A55A872A030F}.Debug|Any CPU.Build.0 = Debug|Any CPU
		{A8214E24-C24E-43E7-9B98-A55A872A030F}.Release|Any CPU.ActiveCfg = Release|Any CPU
		{A8214E24-C24E-43E7-9B98-A55A872A030F}.Release|Any CPU.Build.0 = Release|Any CPU
		{95C7032C-1485-4383-B7E1-406CC49E7D61}.Debug|Any CPU.ActiveCfg = Debug|Any CPU
		{95C7032C-1485-4383-B7E1-406CC49E7D61}.Debug|Any CPU.Build.0 = Debug|Any CPU
		{95C7032C-1485-4383-B7E1-406CC49E7D61}.Release|Any CPU.ActiveCfg = Release|Any CPU
		{95C7032C-1485-4383-B7E1-406CC49E7D61}.Release|Any CPU.Build.0 = Release|Any CPU
		{1F55405F-2DED-4967-B3D4-244858A9B3AA}.Debug|Any CPU.ActiveCfg = Debug|Any CPU
		{1F55405F-2DED-4967-B3D4-244858A9B3AA}.Debug|Any CPU.Build.0 = Debug|Any CPU
		{1F55405F-2DED-4967-B3D4-244858A9B3AA}.Release|Any CPU.ActiveCfg = Release|Any CPU
		{1F55405F-2DED-4967-B3D4-244858A9B3AA}.Release|Any CPU.Build.0 = Release|Any CPU
	EndGlobalSection
	GlobalSection(SolutionProperties) = preSolution
		HideSolutionNode = FALSE
	EndGlobalSection
	GlobalSection(NestedProjects) = preSolution
		{30FE10E8-2130-4801-9965-F336B77FC631} = {AA14B78C-0CB1-49DC-9302-F867A1647CBD}
		{D5429D4E-DFF2-4657-88E3-DC2D7AE71FFA} = {AA14B78C-0CB1-49DC-9302-F867A1647CBD}
		{FAFA2C63-08E7-4A0D-BCCE-091BC4F78412} = {2E7D42E3-BBF7-4A7B-8D46-7E2D1DD73688}
		{6255DA06-2653-44CE-BA71-01E0A850199B} = {2E7D42E3-BBF7-4A7B-8D46-7E2D1DD73688}
		{5B4F0EC3-44F4-4629-A0CD-0C25255FB5C3} = {F478D653-4896-4920-9AC8-E240C9607E6A}
		{A8214E24-C24E-43E7-9B98-A55A872A030F} = {F478D653-4896-4920-9AC8-E240C9607E6A}
		{95C7032C-1485-4383-B7E1-406CC49E7D61} = {692EB069-EB9B-4AE0-93D3-7EA3291DA373}
		{1F55405F-2DED-4967-B3D4-244858A9B3AA} = {B1012021-542F-41FE-932B-7EB95876F853}
	EndGlobalSection
	GlobalSection(ExtensibilityGlobals) = postSolution
		SolutionGuid = {B6F0FC2F-910F-4ADE-97F7-BFBAA8B23261}
	EndGlobalSection
EndGlobal
